version = 1
revision = 3
requires-python = "==3.12.*"

[[package]]
name = "anyio"
version = "4.14.2"
source = { registry = "https://pypi.org/simple" }
dependencies = [
    { name = "idna" },
    { name = "typing-extensions" },
]
sdist = { url = "https://files.pythonhosted.org/packages/61/cc/a381afa6efea9f496eff839d4a6a1aed3bfafc7b3ab4b0d1b243a12573dd/anyio-4.14.2.tar.gz", hash = "sha256:cfa139f3ed1a23ee8f88a145ddb5ac7605b8bbfd8592baacd7ce3d8bb4313c7f", size = 260176, upload-time = "2026-07-12T20:29:07.082Z" }
wheels = [
    { url = "https://files.pythonhosted.org/packages/da/35/f2287558c17e29fafc8ef3daf819bb9834061cfa43bff8014f7df7f63bdc/anyio-4.14.2-py3-none-any.whl", hash = "sha256:9f505dda5ac9f0c8309b5e8bd445a8c2bf7246f3ce950121e45ea15bc41d1494", size = 125813, upload-time = "2026-07-12T20:29:05.763Z" },
]

[[package]]
name = "av"
version = "18.0.0"
source = { registry = "https://pypi.org/simple" }
sdist = { url = "https://files.pythonhosted.org/packages/ae/a4/570a5a35c8638aba01e739925846c35fdd6b0756a15526766d0a4dd3b7df/av-18.0.0.tar.gz", hash = "sha256:4ef7e72c3d3a872584a1215173b16e0226811037f40dcdbf75992631098df1ba", size = 4340222, upload-time = "2026-07-02T06:37:58.907Z" }
wheels = [
    { url = "https://files.pythonhosted.org/packages/11/85/0f121ff43dc5a70696676c98a8f1674e2fa787614c2abaacb15fa1a9bc99/av-18.0.0-cp311-abi3-win_amd64.whl", hash = "sha256:aaf4d354d2beaa6651e4f92e54409a578bde64f79c0beef9a30b388d06f7c629", size = 27556236, upload-time = "2026-07-02T06:37:21.388Z" },
    { url = "https://files.pythonhosted.org/packages/8b/f6/2509754d4d2356abc6fc0ea3d57c12ade29bac23a1fb7fc215a53ca518fb/av-18.0.0-cp311-abi3-win_arm64.whl", hash = "sha256:adac2b3833b6cb9bd6cb52664a522b94db453615b3675b1dbb26e13fe1c80da6", size = 20221133, upload-time = "2026-07-02T06:37:23.88Z" },
]

[[package]]
name = "certifi"
version = "2026.6.17"
source = { registry = "https://pypi.org/simple" }
sdist = { url = "https://files.pythonhosted.org/packages/c9/c7/424b75da314c1045981bd9777432fad05a9e0c69daa4ed7e308bbaffe405/certifi-2026.6.17.tar.gz", hash = "sha256:024c88eeec92ca068db80f02b8b07c9cef7b9fe261d1d535abfd5abd6f6af432", size = 134594, upload-time = "2026-06-17T10:31:07.894Z" }
wheels = [
    { url = "https://files.pythonhosted.org/packages/ef/2f/c5464532e965badff2f4c4c1a3a83f5697f0d7c407ed0cda44aaa99bb451/certifi-2026.6.17-py3-none-any.whl", hash = "sha256:2227dcbaafe0d2f59279d1762ddddc37783ed4354594f194ffc31d20f41fc3db", size = 133289, upload-time = "2026-06-17T10:31:06.348Z" },
]

[[package]]
name = "click"
version = "8.4.2"
source = { registry = "https://pypi.org/simple" }
dependencies = [
    { name = "colorama", marker = "sys_platform == 'win32'" },
]
sdist = { url = "https://files.pythonhosted.org/packages/76/d4/81420972a676e8ffea40450d8c8c92943e7218a78fe9b64359836cc9876b/click-8.4.2.tar.gz", hash = "sha256:9a6cea6e60b17ebe0a44c5cc636d94f09bd66142c1cd7d8b4cd731c4917a15f6", size = 338000, upload-time = "2026-06-24T17:45:15.148Z" }
wheels = [
    { url = "https://files.pythonhosted.org/packages/fb/e2/79c688af8b210d232694e31e59da9f6ec747bae31c3f5946e4e9b98860d5/click-8.4.2-py3-none-any.whl", hash = "sha256:e6f9f66136c816745b9d65817da91d61d957fb16e02e4dcd0552553c5a197b76", size = 119243, upload-time = "2026-06-24T17:45:13.73Z" },
]

[[package]]
name = "colorama"
version = "0.4.6"
source = { registry = "https://pypi.org/simple" }
sdist = { url = "https://files.pythonhosted.org/packages/d8/53/6f443c9a4a8358a93a6792e2acffb9d9d5cb0a5cfd8802644b7b1c9a02e4/colorama-0.4.6.tar.gz", hash = "sha256:08695f5cb7ed6e0531a20572697297273c47b8cae5a63ffc6d6ed5c201be6e44", size = 27697, upload-time = "2022-10-25T02:36:22.414Z" }
wheels = [
    { url = "https://files.pythonhosted.org/packages/d1/d6/3965ed04c63042e047cb6a3e6ed1a63a35087b6a609aa3a15ed8ac56c221/colorama-0.4.6-py2.py3-none-any.whl", hash = "sha256:4f1d9991f5acc0ca119f9d443620b77f9d6b33703e51011c16baf57afb285fc6", size = 25335, upload-time = "2022-10-25T02:36:20.889Z" },
]

[[package]]
name = "ctranslate2"
version = "4.8.1"
source = { registry = "https://pypi.org/simple" }
dependencies = [
    { name = "numpy" },
    { name = "pyyaml" },
    { name = "setuptools" },
]
wheels = [
    { url = "https://files.pythonhosted.org/packages/c0/82/0a5f7f2b03b4e10aacb3146715724e1b96bb993cc7d199be28c9825aa120/ctranslate2-4.8.1-cp312-cp312-win_amd64.whl", hash = "sha256:49f96e861b57301f0b76a082109bde2cac8204a6b4fedc870883008271e82251", size = 19220789, upload-time = "2026-07-03T12:39:23.356Z" },
]

[[package]]
name = "faster-whisper"
version = "1.2.1"
source = { registry = "https://pypi.org/simple" }
dependencies = [
    { name = "av" },
    { name = "ctranslate2" },
    { name = "huggingface-hub" },
    { name = "onnxruntime" },
    { name = "tokenizers" },
    { name = "tqdm" },
]
wheels = [
    { url = "https://files.pythonhosted.org/packages/05/99/49ee85903dee060d9f08297b4a342e5e0bcfca2f027a07b4ee0a38ab13f9/faster_whisper-1.2.1-py3-none-any.whl", hash = "sha256:79a66ad50688c0b794dd501dc340a736992a6342f7f95e5811be60b5224a26a7", size = 1118909, upload-time = "2025-10-31T11:35:47.794Z" },
]

[[package]]
name = "filelock"
version = "3.32.0"
source = { registry = "https://pypi.org/simple" }
sdist = { url = "https://files.pythonhosted.org/packages/c0/80/8232b582c4b318b817cf1274ba74976b07b34d35ef439b3eb948f98645a1/filelock-3.32.0.tar.gz", hash = "sha256:7be2ad23a14607ccc71808e68fe30848aeace7058ace17852f68e2a68e310402", size = 213757, upload-time = "2026-07-21T13:17:42.898Z" }
wheels = [
    { url = "https://files.pythonhosted.org/packages/06/79/b4c714bef36bc4ec2beeae1e0c124f0223888cd8c6feb1cdc56038116920/filelock-3.32.0-py3-none-any.whl", hash = "sha256:d396bea984af47333ef05e50eae7eff88c84256de6112aea0ec48a233c064fe3", size = 97732, upload-time = "2026-07-21T13:17:41.55Z" },
]

[[package]]
name = "flatbuffers"
version = "25.12.19"
source = { registry = "https://pypi.org/simple" }
wheels = [
    { url = "https://files.pythonhosted.org/packages/e8/2d/d2a548598be01649e2d46231d151a6c56d10b964d94043a335ae56ea2d92/flatbuffers-25.12.19-py2.py3-none-any.whl", hash = "sha256:7634f50c427838bb021c2d66a3d1168e9d199b0607e6329399f04846d42e20b4", size = 26661, upload-time = "2025-12-19T23:16:13.622Z" },
]

[[package]]
name = "fsspec"
version = "2026.6.0"
source = { registry = "https://pypi.org/simple" }
sdist = { url = "https://files.pythonhosted.org/packages/10/a1/ae4e3e5003468d6391d2c77b6fa1cd73bd5d13511d81c642d7b28ac90ed4/fsspec-2026.6.0.tar.gz", hash = "sha256:f5bac145310fe30e16e1471bd6840b2d990d609e872251d7e674241822abf01a", size = 313646, upload-time = "2026-06-16T01:57:28.105Z" }
wheels = [
    { url = "https://files.pythonhosted.org/packages/e5/22/4222d7ddf3da30f363edaa98e329c2bce6c65497c9cb2810931c8b2c0fbc/fsspec-2026.6.0-py3-none-any.whl", hash = "sha256:02e0b71817df9b2169dc30a16832045764def1191b43dcff5bb85bdee212d2a1", size = 203949, upload-time = "2026-06-16T01:57:26.358Z" },
]

[[package]]
name = "h11"
version = "0.16.0"
source = { registry = "https://pypi.org/simple" }
sdist = { url = "https://files.pythonhosted.org/packages/01/ee/02a2c011bdab74c6fb3c75474d40b3052059d95df7e73351460c8588d963/h11-0.16.0.tar.gz", hash = "sha256:4e35b956cf45792e4caa5885e69fba00bdbc6ffafbfa020300e549b208ee5ff1", size = 101250, upload-time = "2025-04-24T03:35:25.427Z" }
wheels = [
    { url = "https://files.pythonhosted.org/packages/04/4b/29cac41a4d98d144bf5f6d33995617b185d14b22401f75ca86f384e87ff1/h11-0.16.0-py3-none-any.whl", hash = "sha256:63cf8bbe7522de3bf65932fda1d9c2772064ffb3dae62d55932da54b31cb6c86", size = 37515, upload-time = "2025-04-24T03:35:24.344Z" },
]

[[package]]
name = "hf-xet"
version = "1.5.2"
source = { registry = "https://pypi.org/simple" }
sdist = { url = "https://files.pythonhosted.org/packages/63/39/67be8d71f900d9a55761b6022821d6679fb56c64f1b6063d5af2c2606727/hf_xet-1.5.2.tar.gz", hash = "sha256:73044bd31bae33c984af832d19c752a0dffb67518fee9ddbd91d616e1101cf47", size = 903674, upload-time = "2026-07-16T17:29:56.833Z" }
wheels = [
    { url = "https://files.pythonhosted.org/packages/e9/f8/68b01c5c2edb56ac9a67b3d076ffddcb90867abaee923923eb34e7a14e76/hf_xet-1.5.2-cp38-abi3-win_amd64.whl", hash = "sha256:ecf63d1cb69a9a7319910f8f83fcf9b46e7a32dfcf4b8f8eeddb55f647306e65", size = 3988373, upload-time = "2026-07-16T17:29:53.395Z" },
    { url = "https://files.pythonhosted.org/packages/39/c6/988383e9dc17294d536fcbcd6fd16eed882e411ad16c954984a53e47b09c/hf_xet-1.5.2-cp38-abi3-win_arm64.whl", hash = "sha256:1da28519496eb7c8094c11e4d25509b4a468457a0302d58136099db2fd9a671d", size = 3816957, upload-time = "2026-07-16T17:29:54.991Z" },
]

[[package]]
name = "httpcore"
version = "1.0.9"
source = { registry = "https://pypi.org/simple" }
dependencies = [
    { name = "certifi" },
    { name = "h11" },
]
sdist = { url = "https://files.pythonhosted.org/packages/06/94/82699a10bca87a5556c9c59b5963f2d039dbd239f25bc2a63907a05a14cb/httpcore-1.0.9.tar.gz", hash = "sha256:6e34463af53fd2ab5d807f399a9b45ea31c3dfa2276f15a2c3f00afff6e176e8", size = 85484, upload-time = "2025-04-24T22:06:22.219Z" }
wheels = [
    { url = "https://files.pythonhosted.org/packages/7e/f5/f66802a942d491edb555dd61e3a9961140fd64c90bce1eafd741609d334d/httpcore-1.0.9-py3-none-any.whl", hash = "sha256:2d400746a40668fc9dec9810239072b40b4484b640a8c38fd654a024c7a1bf55", size = 78784, upload-time = "2025-04-24T22:06:20.566Z" },
]

[[package]]
name = "httpx"
version = "0.28.1"
source = { registry = "https://pypi.org/simple" }
dependencies = [
    { name = "anyio" },
    { name = "certifi" },
    { name = "httpcore" },
    { name = "idna" },
]
sdist = { url = "https://files.pythonhosted.org/packages/b1/df/48c586a5fe32a0f01324ee087459e112ebb7224f646c0b5023f5e79e9956/httpx-0.28.1.tar.gz", hash = "sha256:75e98c5f16b0f35b567856f597f06ff2270a374470a5c2392242528e3e3e42fc", size = 141406, upload-time = "2024-12-06T15:37:23.222Z" }
wheels = [
    { url = "https://files.pythonhosted.org/packages/2a/39/e50c7c3a983047577ee07d2a9e53faf5a69493943ec3f6a384bdc792deb2/httpx-0.28.1-py3-none-any.whl", hash = "sha256:d909fcccc110f8c7faf814ca82a9a4d816bc5a6dbfea25d6591d6985b8ba59ad", size = 73517, upload-time = "2024-12-06T15:37:21.509Z" },
]

[[package]]
name = "huggingface-hub"
version = "1.24.0"
source = { registry = "https://pypi.org/simple" }
dependencies = [
    { name = "click" },
    { name = "filelock" },
    { name = "fsspec" },
    { name = "hf-xet", marker = "platform_machine == 'AMD64' or platform_machine == 'aarch64' or platform_machine == 'amd64' or platform_machine == 'arm64' or platform_machine == 'x86_64'" },
    { name = "httpx" },
    { name = "packaging" },
    { name = "pyyaml" },
    { name = "tqdm" },
    { name = "typing-extensions" },
]
sdist = { url = "https://files.pythonhosted.org/packages/df/9b/d3bb4e7d792835daf34dd7091bbc7d7b4e0437d9388f1ea7239cce49f478/huggingface_hub-1.24.0.tar.gz", hash = "sha256:18431ff4daae0749aa9ba102fc952e314c98e1d30ebdec5319d85ca0a83e1ae5", size = 921848, upload-time = "2026-07-17T09:54:01.022Z" }
wheels = [
    { url = "https://files.pythonhosted.org/packages/5f/c3/aeaaf3911d2529614be18d1c8b5496afc185560e76568063d517283318af/huggingface_hub-1.24.0-py3-none-any.whl", hash = "sha256:6ed4120a84a6beec900640aa7e346bd766a6b7341e41526fef5dc8bd81fb7d59", size = 771904, upload-time = "2026-07-17T09:53:59.106Z" },
]

[[package]]
name = "idna"
version = "3.18"
source = { registry = "https://pypi.org/simple" }
sdist = { url = "https://files.pythonhosted.org/packages/cd/63/9496c57188a2ee585e0f1db071d75089a11e98aa86eb99d9d7618fc1edce/idna-3.18.tar.gz", hash = "sha256:ffb385a7e039654cef1ab9ef32c6fafe283c0c0467bba1d9029738ce4a14a848", size = 196711, upload-time = "2026-06-02T14:34:07.794Z" }
wheels = [
    { url = "https://files.pythonhosted.org/packages/1e/5e/d4e9f1a599fb8e573b7b87160658329fbf28d19eac2718f51fc3def3aa5a/idna-3.18-py3-none-any.whl", hash = "sha256:7f952cbe720b688055e3f87de14f5c3e5fdaa8bc3928985c4077ca689de849a2", size = 65455, upload-time = "2026-06-02T14:34:06.319Z" },
]

[[package]]
name = "localscribe-windows-faster-whisper-worker"
version = "0.1.0"
source = { editable = "." }
dependencies = [
    { name = "av", marker = "sys_platform == 'win32'" },
    { name = "ctranslate2", marker = "sys_platform == 'win32'" },
    { name = "faster-whisper", marker = "sys_platform == 'win32'" },
    { name = "huggingface-hub", marker = "sys_platform == 'win32'" },
    { name = "numpy", marker = "sys_platform == 'win32'" },
    { name = "nvidia-cublas-cu12", marker = "sys_platform == 'win32'" },
    { name = "nvidia-cuda-nvrtc-cu12", marker = "sys_platform == 'win32'" },
    { name = "nvidia-cudnn-cu12", marker = "sys_platform == 'win32'" },
    { name = "nvidia-ml-py", marker = "sys_platform == 'win32'" },
    { name = "onnxruntime", marker = "sys_platform == 'win32'" },
    { name = "tokenizers", marker = "sys_platform == 'win32'" },
]

[package.metadata]
requires-dist = [
    { name = "av", marker = "sys_platform == 'win32'", specifier = "==18.0.0" },
    { name = "ctranslate2", marker = "sys_platform == 'win32'", specifier = "==4.8.1" },
    { name = "faster-whisper", marker = "sys_platform == 'win32'", specifier = "==1.2.1" },
    { name = "huggingface-hub", marker = "sys_platform == 'win32'", specifier = "==1.24.0" },
    { name = "numpy", marker = "sys_platform == 'win32'", specifier = "==2.5.1" },
    { name = "nvidia-cublas-cu12", marker = "sys_platform == 'win32'", specifier = "==12.9.2.10" },
    { name = "nvidia-cuda-nvrtc-cu12", marker = "sys_platform == 'win32'", specifier = "==12.9.86" },
    { name = "nvidia-cudnn-cu12", marker = "sys_platform == 'win32'", specifier = "==9.25.0.15" },
    { name = "nvidia-ml-py", marker = "sys_platform == 'win32'", specifier = "==13.610.43" },
    { name = "onnxruntime", marker = "sys_platform == 'win32'", specifier = "==1.27.0" },
    { name = "tokenizers", marker = "sys_platform == 'win32'", specifier = "==0.23.1" },
]

[[package]]
name = "numpy"
version = "2.5.1"
source = { registry = "https://pypi.org/simple" }
sdist = { url = "https://files.pythonhosted.org/packages/22/fd/89965aa4ac08c74998539fcbf24fa3540f3e15237fbeb6bcf9c908f4aade/numpy-2.5.1.tar.gz", hash = "sha256:a48a113e6afea91f5608793bafa7ef2ad481fefbda87ec5069f483de61cb9fa3", size = 20755553, upload-time = "2026-07-04T17:08:00.933Z" }
wheels = [
    { url = "https://files.pythonhosted.org/packages/04/12/cff070947791c1ed425ff76413189adbdc2fbe215eba7ce7fa454a03c7f8/numpy-2.5.1-cp312-cp312-win32.whl", hash = "sha256:08d60c810432eb83360958dea0999ac4cfb94531ea8efcbf0b7f277c2068aeb2", size = 6066764, upload-time = "2026-07-04T17:06:32.571Z" },
    { url = "https://files.pythonhosted.org/packages/65/66/53f31807a48a750f9d748da273bc3fcedd12b27ff1f3e373bfec55ef2dc0/numpy-2.5.1-cp312-cp312-win_amd64.whl", hash = "sha256:f7d60026c0bdb1380e83bfa7a0419c4577ee4b9a08880afcb6dadeb74c649fa2", size = 12430966, upload-time = "2026-07-04T17:06:34.926Z" },
    { url = "https://files.pythonhosted.org/packages/2b/2a/d1a88066b1c14186f5d3c0d18c94f17b064511982bab0578d49ee9d43c29/numpy-2.5.1-cp312-cp312-win_arm64.whl", hash = "sha256:17a25e09640602e10bc8de0e6fa2b3fd68eedd84ba6d7842dc8f32f9ab87bd0b", size = 10350488, upload-time = "2026-07-04T17:06:37.785Z" },
]

[[package]]
name = "nvidia-cublas-cu12"
version = "12.9.2.10"
source = { registry = "https://pypi.org/simple" }
dependencies = [
    { name = "nvidia-cuda-nvrtc-cu12" },
]
wheels = [
    { url = "https://files.pythonhosted.org/packages/20/e2/fc9a0e985249d873150276d5afb02e39a66817fedbf1a385724393e505ed/nvidia_cublas_cu12-12.9.2.10-py3-none-win_amd64.whl", hash = "sha256:623f43027d40d44ceadf0043f002bd25cf353e8f13ce90b9a87057019f560661", size = 553162896, upload-time = "2026-04-08T18:53:10.035Z" },
]

[[package]]
name = "nvidia-cuda-nvrtc-cu12"
version = "12.9.86"
source = { registry = "https://pypi.org/simple" }
wheels = [
    { url = "https://files.pythonhosted.org/packages/52/de/823919be3b9d0ccbf1f784035423c5f18f4267fb0123558d58b813c6ec86/nvidia_cuda_nvrtc_cu12-12.9.86-py3-none-win_amd64.whl", hash = "sha256:72972ebdcf504d69462d3bcd67e7b81edd25d0fb85a2c46d3ea3517666636349", size = 76408187, upload-time = "2025-06-05T20:12:27.819Z" },
]

[[package]]
name = "nvidia-cudnn-cu12"
version = "9.25.0.15"
source = { registry = "https://pypi.org/simple" }
dependencies = [
    { name = "nvidia-cublas-cu12" },
]
wheels = [
    { url = "https://files.pythonhosted.org/packages/cf/9e/f5dd69a26620c490f082af690e706cb2c94e34881a63d8e9c4a1b5eb83cd/nvidia_cudnn_cu12-9.25.0.15-py3-none-win_amd64.whl", hash = "sha256:7987acb3cc5b793151e64c05a12a3625f5a8d4cfabe87eea3a65f0676ef2da67", size = 732268748, upload-time = "2026-07-20T20:00:00.387Z" },
]

[[package]]
name = "nvidia-ml-py"
version = "13.610.43"
source = { registry = "https://pypi.org/simple" }
sdist = { url = "https://files.pythonhosted.org/packages/f0/b5/a8fbc356f768fa5c9cfd646668fd7d34bf55bdd1c6e20754642a64d930d4/nvidia_ml_py-13.610.43.tar.gz", hash = "sha256:65437eb73d68d0c62c931ca4d45038472faff03bd0b8729abba4b899f70d60f2", size = 52109, upload-time = "2026-06-01T18:54:08.829Z" }
wheels = [
    { url = "https://files.pythonhosted.org/packages/23/45/caa600acfab94560807a20a64b5830d2cd3c3202b7f1328644d70b7d6bd8/nvidia_ml_py-13.610.43-py3-none-any.whl", hash = "sha256:f13c72698edef492f985cc225f14faafe68ae065a2e407f45bdf6f4b9b43fde8", size = 53163, upload-time = "2026-06-01T18:54:07.704Z" },
]

[[package]]
name = "onnxruntime"
version = "1.27.0"
source = { registry = "https://pypi.org/simple" }
dependencies = [
    { name = "flatbuffers" },
    { name = "numpy" },
    { name = "packaging" },
    { name = "protobuf" },
]
wheels = [
    { url = "https://files.pythonhosted.org/packages/4f/88/8ec9db1a4d126bb8b758992beb40d1249df171917d75f44a327eb5f20dda/onnxruntime-1.27.0-cp312-cp312-win_amd64.whl", hash = "sha256:20c321cf187ba496e648acf6b4cf90b4d398b0d17c2a77fdaeba365b908cc1c1", size = 13358769, upload-time = "2026-06-15T22:43:34.581Z" },
    { url = "https://files.pythonhosted.org/packages/ae/9f/fdad359dfcba7e7cd8815569b304a596531d4efa77a75d77f8b4981891a2/onnxruntime-1.27.0-cp312-cp312-win_arm64.whl", hash = "sha256:d0d1f68868e2ef30ef70998ba9bbbc5c305e9b17041e3936751c1b8aa6aade06", size = 13104440, upload-time = "2026-06-15T22:43:22.893Z" },
]

[[package]]
name = "packaging"
version = "26.2"
source = { registry = "https://pypi.org/simple" }
sdist = { url = "https://files.pythonhosted.org/packages/d7/f1/e7a6dd94a8d4a5626c03e4e99c87f241ba9e350cd9e6d75123f992427270/packaging-26.2.tar.gz", hash = "sha256:ff452ff5a3e828ce110190feff1178bb1f2ea2281fa2075aadb987c2fb221661", size = 228134, upload-time = "2026-04-24T20:15:23.917Z" }
wheels = [
    { url = "https://files.pythonhosted.org/packages/df/b2/87e62e8c3e2f4b32e5fe99e0b86d576da1312593b39f47d8ceef365e95ed/packaging-26.2-py3-none-any.whl", hash = "sha256:5fc45236b9446107ff2415ce77c807cee2862cb6fac22b8a73826d0693b0980e", size = 100195, upload-time = "2026-04-24T20:15:22.081Z" },
]

[[package]]
name = "protobuf"
version = "7.35.1"
source = { registry = "https://pypi.org/simple" }
sdist = { url = "https://files.pythonhosted.org/packages/da/01/9ef0afd7999eb9badb3a768b4aedd78c86d4c65cfaf1958ab276199e76b4/protobuf-7.35.1.tar.gz", hash = "sha256:ce115a26fe0c39a2c29973d914d327e516a6455464489fe3cd1e51a1b354f81a", size = 458717, upload-time = "2026-06-11T21:55:40.257Z" }
wheels = [
    { url = "https://files.pythonhosted.org/packages/d8/bc/6d6c7ba8709c85f8f2c390b2b118d6fb08a783676a572271851bf45a7d22/protobuf-7.35.1-cp310-abi3-win32.whl", hash = "sha256:353652e4efd0bca5b5fc2656abf8307ef351f0cf938c9eba09f0e09c20a25c30", size = 428945, upload-time = "2026-06-11T21:55:37.034Z" },
    { url = "https://files.pythonhosted.org/packages/0a/19/8d0cb6f20a1ef7b18f1c8986ad5783f22f84cce39c6ce9a6e645ea55192e/protobuf-7.35.1-cp310-abi3-win_amd64.whl", hash = "sha256:230a75ddfc2de4806e56696ce9640c1cdfdb6543b7cfce98d42a4c0a0e7bdb87", size = 439996, upload-time = "2026-06-11T21:55:38.123Z" },
    { url = "https://files.pythonhosted.org/packages/19/c7/5f7c636ec43e0c545e28d1f1db71990108306f7bdcb89f069ba97e428e7f/protobuf-7.35.1-py3-none-any.whl", hash = "sha256:4bc97768d8fe4ad6743c8a19403e314511ed9f6d13205b687e52421c023ac1b9", size = 171659, upload-time = "2026-06-11T21:55:39.155Z" },
]

[[package]]
name = "pyyaml"
version = "6.0.3"
source = { registry = "https://pypi.org/simple" }
sdist = { url = "https://files.pythonhosted.org/packages/05/8e/961c0007c59b8dd7729d542c61a4d537767a59645b82a0b521206e1e25c2/pyyaml-6.0.3.tar.gz", hash = "sha256:d76623373421df22fb4cf8817020cbb7ef15c725b9d5e45f17e189bfc384190f", size = 130960, upload-time = "2025-09-25T21:33:16.546Z" }
wheels = [
    { url = "https://files.pythonhosted.org/packages/74/93/7baea19427dcfbe1e5a372d81473250b379f04b1bd3c4c5ff825e2327202/pyyaml-6.0.3-cp312-cp312-win32.whl", hash = "sha256:96b533f0e99f6579b3d4d4995707cf36df9100d67e0c8303a0c55b27b5f99bc5", size = 137658, upload-time = "2025-09-25T21:32:20.209Z" },
    { url = "https://files.pythonhosted.org/packages/86/bf/899e81e4cce32febab4fb42bb97dcdf66bc135272882d1987881a4b519e9/pyyaml-6.0.3-cp312-cp312-win_amd64.whl", hash = "sha256:5fcd34e47f6e0b794d17de1b4ff496c00986e1c83f7ab2fb8fcfe9616ff7477b", size = 154003, upload-time = "2025-09-25T21:32:21.167Z" },
    { url = "https://files.pythonhosted.org/packages/1a/08/67bd04656199bbb51dbed1439b7f27601dfb576fb864099c7ef0c3e55531/pyyaml-6.0.3-cp312-cp312-win_arm64.whl", hash = "sha256:64386e5e707d03a7e172c0701abfb7e10f0fb753ee1d773128192742712a98fd", size = 140344, upload-time = "2025-09-25T21:32:22.617Z" },
]

[[package]]
name = "setuptools"
version = "83.0.0"
source = { registry = "https://pypi.org/simple" }
sdist = { url = "https://files.pythonhosted.org/packages/34/26/f5d29e25ffdb535afef2d35cdb55b325298f96debd670da4c325e08d70f4/setuptools-83.0.0.tar.gz", hash = "sha256:025bccbbf0fa05b6192bc64ae1e7b16e001fd6d6d4d5de03c97b1c1ade523bef", size = 1154254, upload-time = "2026-07-04T15:31:22.699Z" }
wheels = [
    { url = "https://files.pythonhosted.org/packages/5d/40/e1e72872c6354b306daef1703549e8e83b4d43cfea356311bf722a043752/setuptools-83.0.0-py3-none-any.whl", hash = "sha256:29b23c360f22f414dc7336bb39178cc7bcbf6021ed2733cde173f09dba19abb3", size = 1008090, upload-time = "2026-07-04T15:31:20.885Z" },
]

[[package]]
name = "tokenizers"
version = "0.23.1"
source = { registry = "https://pypi.org/simple" }
dependencies = [
    { name = "huggingface-hub" },
]
sdist = { url = "https://files.pythonhosted.org/packages/c1/60/21f715d9faba5f5407ff759472ade058ec4a507ad62bcea47cb847239a73/tokenizers-0.23.1.tar.gz", hash = "sha256:1feeeadf865a7915adc25445dea30e9933e593c31bb96c277cee36de227c8bfa", size = 365748, upload-time = "2026-04-27T14:43:25.606Z" }
wheels = [
    { url = "https://files.pythonhosted.org/packages/6a/dd/631b21433c771b1382535326f0eca80b9c9cee2e64961dd993bc9ac4669e/tokenizers-0.23.1-cp310-abi3-win32.whl", hash = "sha256:93120a930b919416da7cd10a2f606ac9919cc69cacae7980fa2140e277660948", size = 2536263, upload-time = "2026-04-27T14:43:29.888Z" },
    { url = "https://files.pythonhosted.org/packages/97/c9/2553f72aaf65a2797d4229e37fa7fbe38ffbf3e32912d31bdd78b3323e59/tokenizers-0.23.1-cp310-abi3-win_amd64.whl", hash = "sha256:e7bfaf995c1bdbbd21d13539decb6650967013759318627d85daeb7881af16b7", size = 2798223, upload-time = "2026-04-27T14:43:28.51Z" },
    { url = "https://files.pythonhosted.org/packages/cd/2b/2be299bab55fc595e3d38567edb1a87f86e594842968fa9515a07bdcf422/tokenizers-0.23.1-cp310-abi3-win_arm64.whl", hash = "sha256:a26197957d8e4425dfba746315f3c425ea00cfa8367c5fbc4ec73447893dcea9", size = 2664127, upload-time = "2026-04-27T14:43:26.949Z" },
]

[[package]]
name = "tqdm"
version = "4.69.0"
source = { registry = "https://pypi.org/simple" }
dependencies = [
    { name = "colorama", marker = "sys_platform == 'win32'" },
]
sdist = { url = "https://files.pythonhosted.org/packages/8c/69/40407dfc835517f058b603dbf37a6df094d8582b015a51eddc988febbcb7/tqdm-4.69.0.tar.gz", hash = "sha256:700c5e85dcd5f009dd6222588a29180a193a748247a5d855b4d67db93d79a53b", size = 792569, upload-time = "2026-07-17T18:09:06.2Z" }
wheels = [
    { url = "https://files.pythonhosted.org/packages/fe/21/99a0cdaf54eb35e77623c41b5a2c9472ee4404bba687052791fe2aba6773/tqdm-4.69.0-py3-none-any.whl", hash = "sha256:9979978912be667a6ef21fd5d8abf54e324e63d82f7f43c360792ebc2bc4e622", size = 676680, upload-time = "2026-07-17T18:09:04.172Z" },
]

[[package]]
name = "typing-extensions"
version = "4.16.0"
source = { registry = "https://pypi.org/simple" }
sdist = { url = "https://files.pythonhosted.org/packages/f6/cc/6253133b5bb138fc3306cebfbda2c520f545d36b5be2c7255cc528bb45d6/typing_extensions-4.16.0.tar.gz", hash = "sha256:dc983d19a509c94dba722ee6abd33940f7c05a89e243c47e907eb4db6f1a43e5", size = 113555, upload-time = "2026-07-02T08:40:05.92Z" }
wheels = [
    { url = "https://files.pythonhosted.org/packages/49/d3/b8441a820a491ddfc024b0b0cf0393375b75ea13866d9c66727e54c2fc80/typing_extensions-4.16.0-py3-none-any.whl", hash = "sha256:481caa481374e813c1b176ada14e97f1f67a4539ce9cfeb3f350d78d6370c2e8", size = 45571, upload-time = "2026-07-02T08:40:04.659Z" },
]
